# Verification-only lock for CPython 3.11/3.12 on x86-64 Linux.
# Resolved from official PyPI release metadata on 2026-08-20.
playwright==1.62.0 \
    --hash=sha256:ba33bae6a13b3d9d354c751cb618af357d20fe1d57767cbcce52079bbef17ad3
pyee==13.0.1 \
    --hash=sha256:af2f8fede4171ef667dfded53f96e2ed0d6e6bd7ee3bb46437f77e3b57689228
greenlet==3.5.5 \
    --hash=sha256:74cc6df89ec5302337adc9cf096221cbed2510fd444b0e0f1586cf0470740864 \
    --hash=sha256:147b25a42e5ca5be3d42356e8f608b37af715a1c196e9bf9d1627f3341adfe1d
typing-extensions==4.10.0 \
    --hash=sha256:69b1a937c3a517342112fb4c6df7e72fc39a38e7891a5730ed4985b5214b5475
